
Microsoft Visual Studio Solution File, Format Version 12.00
# Visual Studio Version 17
VisualStudioVersion = 17.7.34024.191
MinimumVisualStudioVersion = 10.0.40219.1
Project("{FAE04EC0-301F-11D3-BF4B-00C04F79EFBC}") = "MediCore", "MediCore.csproj", "{3B152AF5-90B9-460E-A534-4BA1472FE402}"
EndProject
Global
	GlobalSection(SolutionConfigurationPlatforms) = preSolution
		Debug|Any CPU = Debug|Any CPU
		Release|Any CPU = Release|Any CPU
	EndGlobalSection
	GlobalSection(ProjectConfigurationPlatforms) = postSolution
		{3B152AF5-90B9-460E-A534-4BA1472FE402}.Debug|Any CPU.ActiveCfg = Debug|Any CPU
		{3B152AF5-90B9-460E-A534-4BA1472FE402}.Debug|Any CPU.Build.0 = Debug|Any CPU
		{3B152AF5-90B9-460E-A534-4BA1472FE402}.Release|Any CPU.ActiveCfg = Release|Any CPU
		{3B152AF5-90B9-460E-A534-4BA1472FE402}.Release|Any CPU.Build.0 = Release|Any CPU
	EndGlobalSection
	GlobalSection(SolutionProperties) = preSolution
		HideSolutionNode = FALSE
	EndGlobalSection
	GlobalSection(ExtensibilityGlobals) = postSolution
		SolutionGuid = {92CCBCCD-F799-42C9-B045-16CF8601BC45}
	EndGlobalSection
EndGlobal
